
Microsoft Visual Studio Solution File, Format Version 12.00
# Visual Studio Version 17
VisualStudioVersion = 17.14.36518.9 d17.14
MinimumVisualStudioVersion = 10.0.40219.1
Project("{2150E333-8FDC-42A3-9474-1A3956D46DE8}") = "Task0", "Task0", "{36D591C7-65C7-A0D1-1CBC-10CDE441BDC8}"
EndProject
Project("{FAE04EC0-301F-11D3-BF4B-00C04F79EFBC}") = "Tyuiu.VyazovES.Sprint2.Task0.V3", "Tyuiu.VyazovES.Sprint2.Task0.V3\Tyuiu.VyazovES.Sprint2.Task0.V3.csproj", "{CBC73AB0-409A-45F2-AA1F-8D250829046D}"
EndProject
Project("{FAE04EC0-301F-11D3-BF4B-00C04F79EFBC}") = "Tyuiu.VyazovES.Sprint2.Task0.V3.Test", "Tyuiu.VyazovES.Sprint2.Task0.V3.Test\Tyuiu.VyazovES.Sprint2.Task0.V3.Test.csproj", "{E1FE56B2-3E86-42AF-81C9-032BD8E85654}"
EndProject
Project("{FAE04EC0-301F-11D3-BF4B-00C04F79EFBC}") = "Tyuiu.VyazovES.Sprint2.Task0.V3.Lib", "Tyuiu.VyazovES.Sprint2.Task0.V3.Lib\Tyuiu.VyazovES.Sprint2.Task0.V3.Lib.csproj", "{9F8A125B-DFC6-4CFA-88E9-5CD040860500}"
EndProject
Project("{2150E333-8FDC-42A3-9474-1A3956D46DE8}") = "Task1", "Task1", "{9E8384C5-B3C7-4F92-9E61-2772C57F5AB3}"
EndProject
Project("{FAE04EC0-301F-11D3-BF4B-00C04F79EFBC}") = "Tyuiu.VyazovES.Sprint2.Task1.V13", "Tyuiu.VyazovES.Sprint2.Task1.V13\Tyuiu.VyazovES.Sprint2.Task1.V13.csproj", "{76CA2223-FFA1-4CEB-AFC4-5036BD6AF71C}"
EndProject
Project("{FAE04EC0-301F-11D3-BF4B-00C04F79EFBC}") = "Tyuiu.VyazovES.Sprint2.Task1.V13.Lib", "Tyuiu.VyazovES.Sprint2.Task1.V13.Lib\Tyuiu.VyazovES.Sprint2.Task1.V13.Lib.csproj", "{9C085C27-3C6C-4A56-A5D6-568B69EDCBD2}"
EndProject
Project("{FAE04EC0-301F-11D3-BF4B-00C04F79EFBC}") = "Tyuiu.VyazovES.Sprint2.Task1.V13.Test", "Tyuiu.VyazovES.Sprint2.Task1.V13.Test\Tyuiu.VyazovES.Sprint2.Task1.V13.Test.csproj", "{AAC357BC-7432-4225-AF8A-5206D7BD884D}"
EndProject
Project("{2150E333-8FDC-42A3-9474-1A3956D46DE8}") = "Task2", "Task2", "{6A7177EE-B4D8-41F3-9CB3-701E3C74E326}"
EndProject
Project("{FAE04EC0-301F-11D3-BF4B-00C04F79EFBC}") = "Tyuiu.VyazovES.Sprint2.Task2.V20", "Tyuiu.VyazovES.Sprint2.Task2.V20\Tyuiu.VyazovES.Sprint2.Task2.V20.csproj", "{9AABD9C5-20E3-437F-AB0F-4A08907159D1}"
EndProject
Project("{FAE04EC0-301F-11D3-BF4B-00C04F79EFBC}") = "Tyuiu.VyazovES.Sprint2.Task2.V20.Test", "Tyuiu.VyazovES.Sprint2.Task2.V20.Test\Tyuiu.VyazovES.Sprint2.Task2.V20.Test.csproj", "{95CF58D9-B450-47BE-A0BA-9FC8B42EC684}"
EndProject
Project("{FAE04EC0-301F-11D3-BF4B-00C04F79EFBC}") = "Tyuiu.VyazovES.Sprint2.Task2.V20.Lib", "Tyuiu.VyazovES.Sprint2.Task2.V20.Lib\Tyuiu.VyazovES.Sprint2.Task2.V20.Lib.csproj", "{0E4F0D8A-3DF6-419F-A15C-753ECFCE728B}"
EndProject
Global
	GlobalSection(SolutionConfigurationPlatforms) = preSolution
		Debug|Any CPU = Debug|Any CPU
		Release|Any CPU = Release|Any CPU
	EndGlobalSection
	GlobalSection(ProjectConfigurationPlatforms) = postSolution
		{CBC73AB0-409A-45F2-AA1F-8D250829046D}.Debug|Any CPU.ActiveCfg = Debug|Any CPU
		{CBC73AB0-409A-45F2-AA1F-8D250829046D}.Debug|Any CPU.Build.0 = Debug|Any CPU
		{CBC73AB0-409A-45F2-AA1F-8D250829046D}.Release|Any CPU.ActiveCfg = Release|Any CPU
		{CBC73AB0-409A-45F2-AA1F-8D250829046D}.Release|Any CPU.Build.0 = Release|Any CPU
		{E1FE56B2-3E86-42AF-81C9-032BD8E85654}.Debug|Any CPU.ActiveCfg = Debug|Any CPU
		{E1FE56B2-3E86-42AF-81C9-032BD8E85654}.Debug|Any CPU.Build.0 = Debug|Any CPU
		{E1FE56B2-3E86-42AF-81C9-032BD8E85654}.Release|Any CPU.ActiveCfg = Release|Any CPU
		{E1FE56B2-3E86-42AF-81C9-032BD8E85654}.Release|Any CPU.Build.0 = Release|Any CPU
		{9F8A125B-DFC6-4CFA-88E9-5CD040860500}.Debug|Any CPU.ActiveCfg = Debug|Any CPU
		{9F8A125B-DFC6-4CFA-88E9-5CD040860500}.Debug|Any CPU.Build.0 = Debug|Any CPU
		{9F8A125B-DFC6-4CFA-88E9-5CD040860500}.Release|Any CPU.ActiveCfg = Release|Any CPU
		{9F8A125B-DFC6-4CFA-88E9-5CD040860500}.Release|Any CPU.Build.0 = Release|Any CPU
		{76CA2223-FFA1-4CEB-AFC4-5036BD6AF71C}.Debug|Any CPU.ActiveCfg = Debug|Any CPU
		{76CA2223-FFA1-4CEB-AFC4-5036BD6AF71C}.Debug|Any CPU.Build.0 = Debug|Any CPU
		{76CA2223-FFA1-4CEB-AFC4-5036BD6AF71C}.Release|Any CPU.ActiveCfg = Release|Any CPU
		{76CA2223-FFA1-4CEB-AFC4-5036BD6AF71C}.Release|Any CPU.Build.0 = Release|Any CPU
		{9C085C27-3C6C-4A56-A5D6-568B69EDCBD2}.Debug|Any CPU.ActiveCfg = Debug|Any CPU
		{9C085C27-3C6C-4A56-A5D6-568B69EDCBD2}.Debug|Any CPU.Build.0 = Debug|Any CPU
		{9C085C27-3C6C-4A56-A5D6-568B69EDCBD2}.Release|Any CPU.ActiveCfg = Release|Any CPU
		{9C085C27-3C6C-4A56-A5D6-568B69EDCBD2}.Release|Any CPU.Build.0 = Release|Any CPU
		{AAC357BC-7432-4225-AF8A-5206D7BD884D}.Debug|Any CPU.ActiveCfg = Debug|Any CPU
		{AAC357BC-7432-4225-AF8A-5206D7BD884D}.Debug|Any CPU.Build.0 = Debug|Any CPU
		{AAC357BC-7432-4225-AF8A-5206D7BD884D}.Release|Any CPU.ActiveCfg = Release|Any CPU
		{AAC357BC-7432-4225-AF8A-5206D7BD884D}.Release|Any CPU.Build.0 = Release|Any CPU
		{9AABD9C5-20E3-437F-AB0F-4A08907159D1}.Debug|Any CPU.ActiveCfg = Debug|Any CPU
		{9AABD9C5-20E3-437F-AB0F-4A08907159D1}.Debug|Any CPU.Build.0 = Debug|Any CPU
		{9AABD9C5-20E3-437F-AB0F-4A08907159D1}.Release|Any CPU.ActiveCfg = Release|Any CPU
		{9AABD9C5-20E3-437F-AB0F-4A08907159D1}.Release|Any CPU.Build.0 = Release|Any CPU
		{95CF58D9-B450-47BE-A0BA-9FC8B42EC684}.Debug|Any CPU.ActiveCfg = Debug|Any CPU
		{95CF58D9-B450-47BE-A0BA-9FC8B42EC684}.Debug|Any CPU.Build.0 = Debug|Any CPU
		{95CF58D9-B450-47BE-A0BA-9FC8B42EC684}.Release|Any CPU.ActiveCfg = Release|Any CPU
		{95CF58D9-B450-47BE-A0BA-9FC8B42EC684}.Release|Any CPU.Build.0 = Release|Any CPU
		{0E4F0D8A-3DF6-419F-A15C-753ECFCE728B}.Debug|Any CPU.ActiveCfg = Debug|Any CPU
		{0E4F0D8A-3DF6-419F-A15C-753ECFCE728B}.Debug|Any CPU.Build.0 = Debug|Any CPU
		{0E4F0D8A-3DF6-419F-A15C-753ECFCE728B}.Release|Any CPU.ActiveCfg = Release|Any CPU
		{0E4F0D8A-3DF6-419F-A15C-753ECFCE728B}.Release|Any CPU.Build.0 = Release|Any CPU
	EndGlobalSection
	GlobalSection(SolutionProperties) = preSolution
		HideSolutionNode = FALSE
	EndGlobalSection
	GlobalSection(NestedProjects) = preSolution
		{CBC73AB0-409A-45F2-AA1F-8D250829046D} = {36D591C7-65C7-A0D1-1CBC-10CDE441BDC8}
		{E1FE56B2-3E86-42AF-81C9-032BD8E85654} = {36D591C7-65C7-A0D1-1CBC-10CDE441BDC8}
		{9F8A125B-DFC6-4CFA-88E9-5CD040860500} = {36D591C7-65C7-A0D1-1CBC-10CDE441BDC8}
		{76CA2223-FFA1-4CEB-AFC4-5036BD6AF71C} = {9E8384C5-B3C7-4F92-9E61-2772C57F5AB3}
		{9C085C27-3C6C-4A56-A5D6-568B69EDCBD2} = {9E8384C5-B3C7-4F92-9E61-2772C57F5AB3}
		{AAC357BC-7432-4225-AF8A-5206D7BD884D} = {9E8384C5-B3C7-4F92-9E61-2772C57F5AB3}
		{9AABD9C5-20E3-437F-AB0F-4A08907159D1} = {6A7177EE-B4D8-41F3-9CB3-701E3C74E326}
		{95CF58D9-B450-47BE-A0BA-9FC8B42EC684} = {6A7177EE-B4D8-41F3-9CB3-701E3C74E326}
		{0E4F0D8A-3DF6-419F-A15C-753ECFCE728B} = {6A7177EE-B4D8-41F3-9CB3-701E3C74E326}
	EndGlobalSection
	GlobalSection(ExtensibilityGlobals) = postSolution
		SolutionGuid = {39C7BE61-E678-4CDD-B4D8-411618C4478B}
	EndGlobalSection
EndGlobal
